<?xml version="1.0" encoding="utf-8"?>
<Project ToolsVersion="4.0" xmlns="http://schemas.microsoft.com/developer/msbuild/2003">
  <ItemGroup>
    <Filter Include="hlib files">
      <UniqueIdentifier>{710b9314-283c-4c59-91ec-20502c2f8bb7}</UniqueIdentifier>
    </Filter>
    <Filter Include="hlib files\include">
      <UniqueIdentifier>{2c581048-689c-48b0-a19c-bc4d13b713c3}</UniqueIdentifier>
    </Filter>
    <Filter Include="hlib files\source">
      <UniqueIdentifier>{bc5c217e-6a20-49c7-9d28-823902d6f1f0}</UniqueIdentifier>
    </Filter>
    <Filter Include="hlib files\include\uuids">
      <UniqueIdentifier>{a1c9bd61-5ede-4ce9-93bc-63b1f5f08c7e}</UniqueIdentifier>
    </Filter>
    <Filter Include="hlib files\include\hashing">
      <UniqueIdentifier>{b86c6fc6-3f75-474f-a488-1085b9dae9b0}</UniqueIdentifier>
    </Filter>
  </ItemGroup>
  <ItemGroup>
    <ClCompile Include="hlib.cpp">
      <Filter>hlib files\source</Filter>
    </ClCompile>
    <ClCompile Include="dllmain.cpp">
      <Filter>hlib files</Filter>
    </ClCompile>
  </ItemGroup>
  <ItemGroup>
    <ClInclude Include="hlib.h">
      <Filter>hlib files\include</Filter>
    </ClInclude>
    <ClInclude Include="picosha2.h">
      <Filter>hlib files\include\hashing</Filter>
    </ClInclude>
  </ItemGroup>
</Project>